
Microsoft Visual Studio Solution File, Format Version 12.00
# Visual Studio Version 17
VisualStudioVersion = 17.3.32901.215
MinimumVisualStudioVersion = 10.0.40219.1
Project("{FAE04EC0-301F-11D3-BF4B-00C04F79EFBC}") = "My_Calculator", "My_Calculator\My_Calculator.csproj", "{1F714155-9BA0-4665-99CF-7D7A666EBE63}"
EndProject
Global
	GlobalSection(SolutionConfigurationPlatforms) = preSolution
		Debug|Any CPU = Debug|Any CPU
		Release|Any CPU = Release|Any CPU
	EndGlobalSection
	GlobalSection(ProjectConfigurationPlatforms) = postSolution
		{1F714155-9BA0-4665-99CF-7D7A666EBE63}.Debug|Any CPU.ActiveCfg = Debug|Any CPU
		{1F714155-9BA0-4665-99CF-7D7A666EBE63}.Debug|Any CPU.Build.0 = Debug|Any CPU
		{1F714155-9BA0-4665-99CF-7D7A666EBE63}.Release|Any CPU.ActiveCfg = Release|Any CPU
		{1F714155-9BA0-4665-99CF-7D7A666EBE63}.Release|Any CPU.Build.0 = Release|Any CPU
	EndGlobalSection
	GlobalSection(SolutionProperties) = preSolution
		HideSolutionNode = FALSE
	EndGlobalSection
	GlobalSection(ExtensibilityGlobals) = postSolution
		SolutionGuid = {673A6E53-9F01-4FC1-8E9C-6283EE6B1702}
	EndGlobalSection
EndGlobal
